// !$*UTF8*$!
{
	archiveVersion = 1;
	classes = {
	};
	objectVersion = 56;
	objects = {

/* Begin PBXBuildFile section */
		F9DBD9C52BDBA790002B878F /* App525App.swift in Sources */ = {isa = PBXBuildFile; fileRef = F9DBD9C42BDBA790002B878F /* App525App.swift */; };
		F9DBD9C72BDBA790002B878F /* ContentView.swift in Sources */ = {isa = PBXBuildFile; fileRef = F9DBD9C62BDBA790002B878F /* ContentView.swift */; };
		F9DBD9C92BDBA791002B878F /* Assets.xcassets in Resources */ = {isa = PBXBuildFile; fileRef = F9DBD9C82BDBA791002B878F /* Assets.xcassets */; };
		F9DBD9CC2BDBA791002B878F /* Preview Assets.xcassets in Resources */ = {isa = PBXBuildFile; fileRef = F9DBD9CB2BDBA791002B878F /* Preview Assets.xcassets */; };
		F9DBD9D32BDBA7F0002B878F /* Launch Screen.storyboard in Resources */ = {isa = PBXBuildFile; fileRef = F9DBD9D22BDBA7F0002B878F /* Launch Screen.storyboard */; };
		F9DBD9D62BDBA84B002B878F /* OneSignalFramework in Frameworks */ = {isa = PBXBuildFile; productRef = F9DBD9D52BDBA84B002B878F /* OneSignalFramework */; };
		F9DBD9DB2BDBA87B002B878F /* LoadingView.swift in Sources */ = {isa = PBXBuildFile; fileRef = F9DBD9DA2BDBA87B002B878F /* LoadingView.swift */; };
		F9DBD9E12BDBA88F002B878F /* Reviewers_1.swift in Sources */ = {isa = PBXBuildFile; fileRef = F9DBD9E02BDBA88F002B878F /* Reviewers_1.swift */; };
		F9DBD9E32BDBA892002B878F /* Reviewers_2.swift in Sources */ = {isa = PBXBuildFile; fileRef = F9DBD9E22BDBA892002B878F /* Reviewers_2.swift */; };
		F9DBD9E52BDBA89C002B878F /* Users_1.swift in Sources */ = {isa = PBXBuildFile; fileRef = F9DBD9E42BDBA89C002B878F /* Users_1.swift */; };
		F9DBD9E72BDBA89F002B878F /* Users_2.swift in Sources */ = {isa = PBXBuildFile; fileRef = F9DBD9E62BDBA89F002B878F /* Users_2.swift */; };
		F9DBD9E92BDBA8A3002B878F /* Users_3.swift in Sources */ = {isa = PBXBuildFile; fileRef = F9DBD9E82BDBA8A3002B878F /* Users_3.swift */; };
		F9DBD9EB2BDBA8A6002B878F /* Users_4.swift in Sources */ = {isa = PBXBuildFile; fileRef = F9DBD9EA2BDBA8A6002B878F /* Users_4.swift */; };
		F9DBD9ED2BDBAA7D002B878F /* We.swift in Sources */ = {isa = PBXBuildFile; fileRef = F9DBD9EC2BDBAA7D002B878F /* We.swift */; };
		F9DBD9EF2BDBAA80002B878F /* Da.swift in Sources */ = {isa = PBXBuildFile; fileRef = F9DBD9EE2BDBAA80002B878F /* Da.swift */; };
		F9DBD9F12BDBAA84002B878F /* Se.swift in Sources */ = {isa = PBXBuildFile; fileRef = F9DBD9F02BDBAA84002B878F /* Se.swift */; };
/* End PBXBuildFile section */

/* Begin PBXFileReference section */
		F9DBD9C12BDBA790002B878F /* App525.app */ = {isa = PBXFileReference; explicitFileType = wrapper.application; includeInIndex = 0; path = App525.app; sourceTree = BUILT_PRODUCTS_DIR; };
		F9DBD9C42BDBA790002B878F /* App525App.swift */ = {isa = PBXFileReference; lastKnownFileType = sourcecode.swift; path = App525App.swift; sourceTree = "<group>"; };
		F9DBD9C62BDBA790002B878F /* ContentView.swift */ = {isa = PBXFileReference; lastKnownFileType = sourcecode.swift; path = ContentView.swift; sourceTree = "<group>"; };
		F9DBD9C82BDBA791002B878F /* Assets.xcassets */ = {isa = PBXFileReference; lastKnownFileType = folder.assetcatalog; path = Assets.xcassets; sourceTree = "<group>"; };
		F9DBD9CB2BDBA791002B878F /* Preview Assets.xcassets */ = {isa = PBXFileReference; lastKnownFileType = folder.assetcatalog; path = "Preview Assets.xcassets"; sourceTree = "<group>"; };
		F9DBD9D22BDBA7F0002B878F /* Launch Screen.storyboard */ = {isa = PBXFileReference; lastKnownFileType = file.storyboard; path = "Launch Screen.storyboard"; sourceTree = "<group>"; };
		F9DBD9DA2BDBA87B002B878F /* LoadingView.swift */ = {isa = PBXFileReference; lastKnownFileType = sourcecode.swift; path = LoadingView.swift; sourceTree = "<group>"; };
		F9DBD9E02BDBA88F002B878F /* Reviewers_1.swift */ = {isa = PBXFileReference; lastKnownFileType = sourcecode.swift; path = Reviewers_1.swift; sourceTree = "<group>"; };
		F9DBD9E22BDBA892002B878F /* Reviewers_2.swift */ = {isa = PBXFileReference; lastKnownFileType = sourcecode.swift; path = Reviewers_2.swift; sourceTree = "<group>"; };
		F9DBD9E42BDBA89C002B878F /* Users_1.swift */ = {isa = PBXFileReference; lastKnownFileType = sourcecode.swift; path = Users_1.swift; sourceTree = "<group>"; };
		F9DBD9E62BDBA89F002B878F /* Users_2.swift */ = {isa = PBXFileReference; lastKnownFileType = sourcecode.swift; path = Users_2.swift; sourceTree = "<group>"; };
		F9DBD9E82BDBA8A3002B878F /* Users_3.swift */ = {isa = PBXFileReference; lastKnownFileType = sourcecode.swift; path = Users_3.swift; sourceTree = "<group>"; };
		F9DBD9EA2BDBA8A6002B878F /* Users_4.swift */ = {isa = PBXFileReference; lastKnownFileType = sourcecode.swift; path = Users_4.swift; sourceTree = "<group>"; };
		F9DBD9EC2BDBAA7D002B878F /* We.swift */ = {isa = PBXFileReference; lastKnownFileType = sourcecode.swift; path = We.swift; sourceTree = "<group>"; };
		F9DBD9EE2BDBAA80002B878F /* Da.swift */ = {isa = PBXFileReference; lastKnownFileType = sourcecode.swift; path = Da.swift; sourceTree = "<group>"; };
		F9DBD9F02BDBAA84002B878F /* Se.swift */ = {isa = PBXFileReference; lastKnownFileType = sourcecode.swift; path = Se.swift; sourceTree = "<group>"; };
		F9DBDA122BDBAC99002B878F /* Info.plist */ = {isa = PBXFileReference; lastKnownFileType = text.plist; path = Info.plist; sourceTree = "<group>"; };
		F9DBDA132BDBAC9A002B878F /* App525.entitlements */ = {isa = PBXFileReference; lastKnownFileType = text.plist.entitlements; path = App525.entitlements; sourceTree = "<group>"; };
/* End PBXFileReference section */

/* Begin PBXFrameworksBuildPhase section */
		F9DBD9BE2BDBA790002B878F /* Frameworks */ = {
			isa = PBXFrameworksBuildPhase;
			buildActionMask = 2147483647;
			files = (
				F9DBD9D62BDBA84B002B878F /* OneSignalFramework in Frameworks */,
			);
			runOnlyForDeploymentPostprocessing = 0;
		};
/* End PBXFrameworksBuildPhase section */

/* Begin PBXGroup section */
		F9DBD9B82BDBA790002B878F = {
			isa = PBXGroup;
			children = (
				F9DBD9C32BDBA790002B878F /* App525 */,
				F9DBD9C22BDBA790002B878F /* Products */,
			);
			sourceTree = "<group>";
		};
		F9DBD9C22BDBA790002B878F /* Products */ = {
			isa = PBXGroup;
			children = (
				F9DBD9C12BDBA790002B878F /* App525.app */,
			);
			name = Products;
			sourceTree = "<group>";
		};
		F9DBD9C32BDBA790002B878F /* App525 */ = {
			isa = PBXGroup;
			children = (
				F9DBDA132BDBAC9A002B878F /* App525.entitlements */,
				F9DBDA122BDBAC99002B878F /* Info.plist */,
				F9DBD9C42BDBA790002B878F /* App525App.swift */,
				F9DBD9C62BDBA790002B878F /* ContentView.swift */,
				F9DBD9D72BDBA86C002B878F /* Main */,
				F9DBD9D22BDBA7F0002B878F /* Launch Screen.storyboard */,
				F9DBD9C82BDBA791002B878F /* Assets.xcassets */,
				F9DBD9CA2BDBA791002B878F /* Preview Content */,
			);
			path = App525;
			sourceTree = "<group>";
		};
		F9DBD9CA2BDBA791002B878F /* Preview Content */ = {
			isa = PBXGroup;
			children = (
				F9DBD9CB2BDBA791002B878F /* Preview Assets.xcassets */,
			);
			path = "Preview Content";
			sourceTree = "<group>";
		};
		F9DBD9D72BDBA86C002B878F /* Main */ = {
			isa = PBXGroup;
			children = (
				F9DBD9DC2BDBA87D002B878F /* Extensions */,
				F9DBD9DA2BDBA87B002B878F /* LoadingView.swift */,
				F9DBD9DD2BDBA880002B878F /* Splash */,
			);
			path = Main;
			sourceTree = "<group>";
		};
		F9DBD9DC2BDBA87D002B878F /* Extensions */ = {
			isa = PBXGroup;
			children = (
				F9DBD9EC2BDBAA7D002B878F /* We.swift */,
				F9DBD9EE2BDBAA80002B878F /* Da.swift */,
				F9DBD9F02BDBAA84002B878F /* Se.swift */,
			);
			path = Extensions;
			sourceTree = "<group>";
		};
		F9DBD9DD2BDBA880002B878F /* Splash */ = {
			isa = PBXGroup;
			children = (
				F9DBD9DF2BDBA886002B878F /* Reviewers */,
				F9DBD9DE2BDBA883002B878F /* Users */,
			);
			path = Splash;
			sourceTree = "<group>";
		};
		F9DBD9DE2BDBA883002B878F /* Users */ = {
			isa = PBXGroup;
			children = (
				F9DBD9E42BDBA89C002B878F /* Users_1.swift */,
				F9DBD9E62BDBA89F002B878F /* Users_2.swift */,
				F9DBD9E82BDBA8A3002B878F /* Users_3.swift */,
				F9DBD9EA2BDBA8A6002B878F /* Users_4.swift */,
			);
			path = Users;
			sourceTree = "<group>";
		};
		F9DBD9DF2BDBA886002B878F /* Reviewers */ = {
			isa = PBXGroup;
			children = (
				F9DBD9E02BDBA88F002B878F /* Reviewers_1.swift */,
				F9DBD9E22BDBA892002B878F /* Reviewers_2.swift */,
			);
			path = Reviewers;
			sourceTree = "<group>";
		};
/* End PBXGroup section */

/* Begin PBXNativeTarget section */
		F9DBD9C02BDBA790002B878F /* App525 */ = {
			isa = PBXNativeTarget;
			buildConfigurationList = F9DBD9CF2BDBA791002B878F /* Build configuration list for PBXNativeTarget "App525" */;
			buildPhases = (
				F9DBD9BD2BDBA790002B878F /* Sources */,
				F9DBD9BE2BDBA790002B878F /* Frameworks */,
				F9DBD9BF2BDBA790002B878F /* Resources */,
			);
			buildRules = (
			);
			dependencies = (
			);
			name = App525;
			packageProductDependencies = (
				F9DBD9D52BDBA84B002B878F /* OneSignalFramework */,
			);
			productName = App525;
			productReference = F9DBD9C12BDBA790002B878F /* App525.app */;
			productType = "com.apple.product-type.application";
		};
/* End PBXNativeTarget section */

/* Begin PBXProject section */
		F9DBD9B92BDBA790002B878F /* Project object */ = {
			isa = PBXProject;
			attributes = {
				BuildIndependentTargetsInParallel = 1;
				LastSwiftUpdateCheck = 1530;
				LastUpgradeCheck = 1530;
				TargetAttributes = {
					F9DBD9C02BDBA790002B878F = {
						CreatedOnToolsVersion = 15.3;
					};
				};
			};
			buildConfigurationList = F9DBD9BC2BDBA790002B878F /* Build configuration list for PBXProject "App525" */;
			compatibilityVersion = "Xcode 14.0";
			developmentRegion = en;
			hasScannedForEncodings = 0;
			knownRegions = (
				en,
				Base,
			);
			mainGroup = F9DBD9B82BDBA790002B878F;
			packageReferences = (
				F9DBD9D42BDBA84B002B878F /* XCRemoteSwiftPackageReference "OneSignal-iOS-SDK" */,
			);
			productRefGroup = F9DBD9C22BDBA790002B878F /* Products */;
			projectDirPath = "";
			projectRoot = "";
			targets = (
				F9DBD9C02BDBA790002B878F /* App525 */,
			);
		};
/* End PBXProject section */

/* Begin PBXResourcesBuildPhase section */
		F9DBD9BF2BDBA790002B878F /* Resources */ = {
			isa = PBXResourcesBuildPhase;
			buildActionMask = 2147483647;
			files = (
				F9DBD9D32BDBA7F0002B878F /* Launch Screen.storyboard in Resources */,
				F9DBD9CC2BDBA791002B878F /* Preview Assets.xcassets in Resources */,
				F9DBD9C92BDBA791002B878F /* Assets.xcassets in Resources */,
			);
			runOnlyForDeploymentPostprocessing = 0;
		};
/* End PBXResourcesBuildPhase section */

/* Begin PBXSourcesBuildPhase section */
		F9DBD9BD2BDBA790002B878F /* Sources */ = {
			isa = PBXSourcesBuildPhase;
			buildActionMask = 2147483647;
			files = (
				F9DBD9EB2BDBA8A6002B878F /* Users_4.swift in Sources */,
				F9DBD9E72BDBA89F002B878F /* Users_2.swift in Sources */,
				F9DBD9E52BDBA89C002B878F /* Users_1.swift in Sources */,
				F9DBD9ED2BDBAA7D002B878F /* We.swift in Sources */,
				F9DBD9E12BDBA88F002B878F /* Reviewers_1.swift in Sources */,
				F9DBD9E32BDBA892002B878F /* Reviewers_2.swift in Sources */,
				F9DBD9E92BDBA8A3002B878F /* Users_3.swift in Sources */,
				F9DBD9C72BDBA790002B878F /* ContentView.swift in Sources */,
				F9DBD9EF2BDBAA80002B878F /* Da.swift in Sources */,
				F9DBD9C52BDBA790002B878F /* App525App.swift in Sources */,
				F9DBD9DB2BDBA87B002B878F /* LoadingView.swift in Sources */,
				F9DBD9F12BDBAA84002B878F /* Se.swift in Sources */,
			);
			runOnlyForDeploymentPostprocessing = 0;
		};
/* End PBXSourcesBuildPhase section */

/* Begin XCBuildConfiguration section */
		F9DBD9CD2BDBA791002B878F /* Debug */ = {
			isa = XCBuildConfiguration;
			buildSettings = {
				ALWAYS_SEARCH_USER_PATHS = NO;
				ASSETCATALOG_COMPILER_GENERATE_SWIFT_ASSET_SYMBOL_EXTENSIONS = YES;
				CLANG_ANALYZER_NONNULL = YES;
				CLANG_ANALYZER_NUMBER_OBJECT_CONVERSION = YES_AGGRESSIVE;
				CLANG_CXX_LANGUAGE_STANDARD = "gnu++20";
				CLANG_ENABLE_MODULES = YES;
				CLANG_ENABLE_OBJC_ARC = YES;
				CLANG_ENABLE_OBJC_WEAK = YES;
				CLANG_WARN_BLOCK_CAPTURE_AUTORELEASING = YES;
				CLANG_WARN_BOOL_CONVERSION = YES;
				CLANG_WARN_COMMA = YES;
				CLANG_WARN_CONSTANT_CONVERSION = YES;
				CLANG_WARN_DEPRECATED_OBJC_IMPLEMENTATIONS = YES;
				CLANG_WARN_DIRECT_OBJC_ISA_USAGE = YES_ERROR;
				CLANG_WARN_DOCUMENTATION_COMMENTS = YES;
				CLANG_WARN_EMPTY_BODY = YES;
				CLANG_WARN_ENUM_CONVERSION = YES;
				CLANG_WARN_INFINITE_RECURSION = YES;
				CLANG_WARN_INT_CONVERSION = YES;
				CLANG_WARN_NON_LITERAL_NULL_CONVERSION = YES;
				CLANG_WARN_OBJC_IMPLICIT_RETAIN_SELF = YES;
				CLANG_WARN_OBJC_LITERAL_CONVERSION = YES;
				CLANG_WARN_OBJC_ROOT_CLASS = YES_ERROR;
				CLANG_WARN_QUOTED_INCLUDE_IN_FRAMEWORK_HEADER = YES;
				CLANG_WARN_RANGE_LOOP_ANALYSIS = YES;
				CLANG_WARN_STRICT_PROTOTYPES = YES;
				CLANG_WARN_SUSPICIOUS_MOVE = YES;
				CLANG_WARN_UNGUARDED_AVAILABILITY = YES_AGGRESSIVE;
				CLANG_WARN_UNREACHABLE_CODE = YES;
				CLANG_WARN__DUPLICATE_METHOD_MATCH = YES;
				COPY_PHASE_STRIP = NO;
				DEBUG_INFORMATION_FORMAT = dwarf;
				ENABLE_STRICT_OBJC_MSGSEND = YES;
				ENABLE_TESTABILITY = YES;
				ENABLE_USER_SCRIPT_SANDBOXING = YES;
				GCC_C_LANGUAGE_STANDARD = gnu17;
				GCC_DYNAMIC_NO_PIC = NO;
				GCC_NO_COMMON_BLOCKS = YES;
				GCC_OPTIMIZATION_LEVEL = 0;
				GCC_PREPROCESSOR_DEFINITIONS = (
					"DEBUG=1",
					"$(inherited)",
				);
				GCC_WARN_64_TO_32_BIT_CONVERSION = YES;
				GCC_WARN_ABOUT_RETURN_TYPE = YES_ERROR;
				GCC_WARN_UNDECLARED_SELECTOR = YES;
				GCC_WARN_UNINITIALIZED_AUTOS = YES_AGGRESSIVE;
				GCC_WARN_UNUSED_FUNCTION = YES;
				GCC_WARN_UNUSED_VARIABLE = YES;
				IPHONEOS_DEPLOYMENT_TARGET = 14.0;
				LOCALIZATION_PREFERS_STRING_CATALOGS = YES;
				MTL_ENABLE_DEBUG_INFO = INCLUDE_SOURCE;
				MTL_FAST_MATH = YES;
				ONLY_ACTIVE_ARCH = YES;
				SDKROOT = iphoneos;
				SWIFT_ACTIVE_COMPILATION_CONDITIONS = "DEBUG $(inherited)";
				SWIFT_OPTIMIZATION_LEVEL = "-Onone";
			};
			name = Debug;
		};
		F9DBD9CE2BDBA791002B878F /* Release */ = {
			isa = XCBuildConfiguration;
			buildSettings = {
				ALWAYS_SEARCH_USER_PATHS = NO;
				ASSETCATALOG_COMPILER_GENERATE_SWIFT_ASSET_SYMBOL_EXTENSIONS = YES;
				CLANG_ANALYZER_NONNULL = YES;
				CLANG_ANALYZER_NUMBER_OBJECT_CONVERSION = YES_AGGRESSIVE;
				CLANG_CXX_LANGUAGE_STANDARD = "gnu++20";
				CLANG_ENABLE_MODULES = YES;
				CLANG_ENABLE_OBJC_ARC = YES;
				CLANG_ENABLE_OBJC_WEAK = YES;
				CLANG_WARN_BLOCK_CAPTURE_AUTORELEASING = YES;
				CLANG_WARN_BOOL_CONVERSION = YES;
				CLANG_WARN_COMMA = YES;
				CLANG_WARN_CONSTANT_CONVERSION = YES;
				CLANG_WARN_DEPRECATED_OBJC_IMPLEMENTATIONS = YES;
				CLANG_WARN_DIRECT_OBJC_ISA_USAGE = YES_ERROR;
				CLANG_WARN_DOCUMENTATION_COMMENTS = YES;
				CLANG_WARN_EMPTY_BODY = YES;
				CLANG_WARN_ENUM_CONVERSION = YES;
				CLANG_WARN_INFINITE_RECURSION = YES;
				CLANG_WARN_INT_CONVERSION = YES;
				CLANG_WARN_NON_LITERAL_NULL_CONVERSION = YES;
				CLANG_WARN_OBJC_IMPLICIT_RETAIN_SELF = YES;
				CLANG_WARN_OBJC_LITERAL_CONVERSION = YES;
				CLANG_WARN_OBJC_ROOT_CLASS = YES_ERROR;
				CLANG_WARN_QUOTED_INCLUDE_IN_FRAMEWORK_HEADER = YES;
				CLANG_WARN_RANGE_LOOP_ANALYSIS = YES;
				CLANG_WARN_STRICT_PROTOTYPES = YES;
				CLANG_WARN_SUSPICIOUS_MOVE = YES;
				CLANG_WARN_UNGUARDED_AVAILABILITY = YES_AGGRESSIVE;
				CLANG_WARN_UNREACHABLE_CODE = YES;
				CLANG_WARN__DUPLICATE_METHOD_MATCH = YES;
				COPY_PHASE_STRIP = NO;
				DEBUG_INFORMATION_FORMAT = "dwarf-with-dsym";
				ENABLE_NS_ASSERTIONS = NO;
				ENABLE_STRICT_OBJC_MSGSEND = YES;
				ENABLE_USER_SCRIPT_SANDBOXING = YES;
				GCC_C_LANGUAGE_STANDARD = gnu17;
				GCC_NO_COMMON_BLOCKS = YES;
				GCC_WARN_64_TO_32_BIT_CONVERSION = YES;
				GCC_WARN_ABOUT_RETURN_TYPE = YES_ERROR;
				GCC_WARN_UNDECLARED_SELECTOR = YES;
				GCC_WARN_UNINITIALIZED_AUTOS = YES_AGGRESSIVE;
				GCC_WARN_UNUSED_FUNCTION = YES;
				GCC_WARN_UNUSED_VARIABLE = YES;
				IPHONEOS_DEPLOYMENT_TARGET = 14.0;
				LOCALIZATION_PREFERS_STRING_CATALOGS = YES;
				MTL_ENABLE_DEBUG_INFO = NO;
				MTL_FAST_MATH = YES;
				SDKROOT = iphoneos;
				SWIFT_COMPILATION_MODE = wholemodule;
				VALIDATE_PRODUCT = YES;
			};
			name = Release;
		};
		F9DBD9D02BDBA791002B878F /* Debug */ = {
			isa = XCBuildConfiguration;
			buildSettings = {
				ASSETCATALOG_COMPILER_APPICON_NAME = AppIcon;
				ASSETCATALOG_COMPILER_GLOBAL_ACCENT_COLOR_NAME = AccentColor;
				CODE_SIGN_ENTITLEMENTS = App525/App525.entitlements;
				CODE_SIGN_STYLE = Automatic;
				CURRENT_PROJECT_VERSION = 1;
				DEVELOPMENT_ASSET_PATHS = "\"App525/Preview Content\"";
				ENABLE_PREVIEWS = YES;
				GENERATE_INFOPLIST_FILE = YES;
				INFOPLIST_FILE = App525/Info.plist;
				INFOPLIST_KEY_CFBundleDisplayName = "Infinite Glide";
				INFOPLIST_KEY_UIApplicationSceneManifest_Generation = YES;
				INFOPLIST_KEY_UIApplicationSupportsIndirectInputEvents = YES;
				INFOPLIST_KEY_UILaunchScreen_Generation = YES;
				INFOPLIST_KEY_UILaunchStoryboardName = "Launch Screen.storyboard";
				INFOPLIST_KEY_UISupportedInterfaceOrientations = UIInterfaceOrientationPortrait;
				INFOPLIST_KEY_UISupportedInterfaceOrientations_iPad = "UIInterfaceOrientationLandscapeLeft UIInterfaceOrientationLandscapeRight UIInterfaceOrientationPortrait UIInterfaceOrientationPortraitUpsideDown";
				IPHONEOS_DEPLOYMENT_TARGET = 14.0;
				LD_RUNPATH_SEARCH_PATHS = (
					"$(inherited)",
					"@executable_path/Frameworks",
				);
				MARKETING_VERSION = 1.0;
				PRODUCT_BUNDLE_IDENTIFIER = main.App525;
				PRODUCT_NAME = "$(TARGET_NAME)";
				SUPPORTED_PLATFORMS = "iphoneos iphonesimulator";
				SUPPORTS_MACCATALYST = NO;
				SUPPORTS_MAC_DESIGNED_FOR_IPHONE_IPAD = NO;
				SUPPORTS_XR_DESIGNED_FOR_IPHONE_IPAD = NO;
				SWIFT_EMIT_LOC_STRINGS = YES;
				SWIFT_VERSION = 5.0;
				TARGETED_DEVICE_FAMILY = 1;
			};
			name = Debug;
		};
		F9DBD9D12BDBA791002B878F /* Release */ = {
			isa = XCBuildConfiguration;
			buildSettings = {
				ASSETCATALOG_COMPILER_APPICON_NAME = AppIcon;
				ASSETCATALOG_COMPILER_GLOBAL_ACCENT_COLOR_NAME = AccentColor;
				CODE_SIGN_ENTITLEMENTS = App525/App525.entitlements;
				CODE_SIGN_STYLE = Automatic;
				CURRENT_PROJECT_VERSION = 1;
				DEVELOPMENT_ASSET_PATHS = "\"App525/Preview Content\"";
				ENABLE_PREVIEWS = YES;
				GENERATE_INFOPLIST_FILE = YES;
				INFOPLIST_FILE = App525/Info.plist;
				INFOPLIST_KEY_CFBundleDisplayName = "Infinite Glide";
				INFOPLIST_KEY_UIApplicationSceneManifest_Generation = YES;
				INFOPLIST_KEY_UIApplicationSupportsIndirectInputEvents = YES;
				INFOPLIST_KEY_UILaunchScreen_Generation = YES;
				INFOPLIST_KEY_UILaunchStoryboardName = "Launch Screen.storyboard";
				INFOPLIST_KEY_UISupportedInterfaceOrientations = UIInterfaceOrientationPortrait;
				INFOPLIST_KEY_UISupportedInterfaceOrientations_iPad = "UIInterfaceOrientationLandscapeLeft UIInterfaceOrientationLandscapeRight UIInterfaceOrientationPortrait UIInterfaceOrientationPortraitUpsideDown";
				IPHONEOS_DEPLOYMENT_TARGET = 14.0;
				LD_RUNPATH_SEARCH_PATHS = (
					"$(inherited)",
					"@executable_path/Frameworks",
				);
				MARKETING_VERSION = 1.0;
				PRODUCT_BUNDLE_IDENTIFIER = main.App525;
				PRODUCT_NAME = "$(TARGET_NAME)";
				SUPPORTED_PLATFORMS = "iphoneos iphonesimulator";
				SUPPORTS_MACCATALYST = NO;
				SUPPORTS_MAC_DESIGNED_FOR_IPHONE_IPAD = NO;
				SUPPORTS_XR_DESIGNED_FOR_IPHONE_IPAD = NO;
				SWIFT_EMIT_LOC_STRINGS = YES;
				SWIFT_VERSION = 5.0;
				TARGETED_DEVICE_FAMILY = 1;
			};
			name = Release;
		};
/* End XCBuildConfiguration section */

/* Begin XCConfigurationList section */
		F9DBD9BC2BDBA790002B878F /* Build configuration list for PBXProject "App525" */ = {
			isa = XCConfigurationList;
			buildConfigurations = (
				F9DBD9CD2BDBA791002B878F /* Debug */,
				F9DBD9CE2BDBA791002B878F /* Release */,
			);
			defaultConfigurationIsVisible = 0;
			defaultConfigurationName = Release;
		};
		F9DBD9CF2BDBA791002B878F /* Build configuration list for PBXNativeTarget "App525" */ = {
			isa = XCConfigurationList;
			buildConfigurations = (
				F9DBD9D02BDBA791002B878F /* Debug */,
				F9DBD9D12BDBA791002B878F /* Release */,
			);
			defaultConfigurationIsVisible = 0;
			defaultConfigurationName = Release;
		};
/* End XCConfigurationList section */

/* Begin XCRemoteSwiftPackageReference section */
		F9DBD9D42BDBA84B002B878F /* XCRemoteSwiftPackageReference "OneSignal-iOS-SDK" */ = {
			isa = XCRemoteSwiftPackageReference;
			repositoryURL = "https://github.com/OneSignal/OneSignal-iOS-SDK.git";
			requirement = {
				kind = upToNextMajorVersion;
				minimumVersion = 5.1.5;
			};
		};
/* End XCRemoteSwiftPackageReference section */

/* Begin XCSwiftPackageProductDependency section */
		F9DBD9D52BDBA84B002B878F /* OneSignalFramework */ = {
			isa = XCSwiftPackageProductDependency;
			package = F9DBD9D42BDBA84B002B878F /* XCRemoteSwiftPackageReference "OneSignal-iOS-SDK" */;
			productName = OneSignalFramework;
		};
/* End XCSwiftPackageProductDependency section */
	};
	rootObject = F9DBD9B92BDBA790002B878F /* Project object */;
}
